
Microsoft Visual Studio Solution File, Format Version 12.00
Project("{FAE04EC0-301F-11D3-BF4B-00C04F79EFBC}") = "NBomber.MQTT", "src\NBomber.MQTT\NBomber.MQTT.csproj", "{30A1974C-D9ED-4A20-957E-84EA7AFEF2D7}"
EndProject
Project("{2150E333-8FDC-42A3-9474-1A3956D46DE8}") = "examples", "examples", "{720D88FB-9FF7-4180-AF99-7832C8AF6D35}"
EndProject
Project("{FAE04EC0-301F-11D3-BF4B-00C04F79EFBC}") = "Demo", "examples\Demo\Demo.csproj", "{3538E262-C898-4005-BADF-1BEDED0A17FE}"
EndProject
Global
	GlobalSection(SolutionConfigurationPlatforms) = preSolution
		Debug|Any CPU = Debug|Any CPU
		Release|Any CPU = Release|Any CPU
	EndGlobalSection
	GlobalSection(ProjectConfigurationPlatforms) = postSolution
		{30A1974C-D9ED-4A20-957E-84EA7AFEF2D7}.Debug|Any CPU.ActiveCfg = Debug|Any CPU
		{30A1974C-D9ED-4A20-957E-84EA7AFEF2D7}.Debug|Any CPU.Build.0 = Debug|Any CPU
		{30A1974C-D9ED-4A20-957E-84EA7AFEF2D7}.Release|Any CPU.ActiveCfg = Release|Any CPU
		{30A1974C-D9ED-4A20-957E-84EA7AFEF2D7}.Release|Any CPU.Build.0 = Release|Any CPU
		{3538E262-C898-4005-BADF-1BEDED0A17FE}.Debug|Any CPU.ActiveCfg = Debug|Any CPU
		{3538E262-C898-4005-BADF-1BEDED0A17FE}.Debug|Any CPU.Build.0 = Debug|Any CPU
		{3538E262-C898-4005-BADF-1BEDED0A17FE}.Release|Any CPU.ActiveCfg = Release|Any CPU
		{3538E262-C898-4005-BADF-1BEDED0A17FE}.Release|Any CPU.Build.0 = Release|Any CPU
	EndGlobalSection
	GlobalSection(NestedProjects) = preSolution
		{3538E262-C898-4005-BADF-1BEDED0A17FE} = {720D88FB-9FF7-4180-AF99-7832C8AF6D35}
	EndGlobalSection
EndGlobal
